{
  "name": "sendbird-migration",
  "version": "1.0.0",
  "lockfileVersion": 3,
  "requires": true,
  "packages": {
    "": {
      "name": "sendbird-migration",
      "version": "1.0.0",
      "license": "ISC",
      "dependencies": {
        "axios": "^1.4.0",
        "effect": "^2.0.0-next.21",
        "zod": "^3.21.4"
      },
      "devDependencies": {
        "@types/node": "^20.4.5",
        "typescript": "^5.1.6"
      }
    },
    "node_modules/@effect/data": {
      "version": "0.16.3",
      "resolved": "https://registry.npmjs.org/@effect/data/-/data-0.16.3.tgz",
      "integrity": "sha512-RxRN3Vm8YPys0GjH/yjl2Z57kGCwJGjY6omgcDbeXhLVd+SUaVWbM6hJysKvb/gD9cuN1XwhXUnJ0shVErDelg=="
    },
    "node_modules/@effect/io": {
      "version": "0.35.3",
      "resolved": "https://registry.npmjs.org/@effect/io/-/io-0.35.3.tgz",
      "integrity": "sha512-f0K2XQJvQY0DP6GQC76NUZgFh2QxKIpZZzIELyI8796uJtLt4CRx3s+YsJF68htgUttKm9hxkfcbtcJAg2Rmcw==",
      "dependencies": {
        "@effect/data": "^0.16.0"
      }
    },
    "node_modules/@effect/match": {
      "version": "0.29.1",
      "resolved": "https://registry.npmjs.org/@effect/match/-/match-0.29.1.tgz",
      "integrity": "sha512-ZstaS5ZLpX5RwLX8GuV9JeQuAKLCxFu+pU8iirVFYftc+8wUxcPUiGI1ryNupKW62m4IlcNrTz05JvtemNy82A==",
      "dependencies": {
        "@effect/data": "^0.16.3",
        "@effect/schema": "^0.30.3"
      }
    },
    "node_modules/@effect/schema": {
      "version": "0.30.4",
      "resolved": "https://registry.npmjs.org/@effect/schema/-/schema-0.30.4.tgz",
      "integrity": "sha512-4MQkp4mStbJ2f5tRXc0cquCp1KgnmqgstGAjJAteed2dz84yoQ4kBD4gy7OCO8E1uChoqMbvB1ezxPrJ9EPEOw==",
      "dependencies": {
        "@effect/data": "^0.16.2",
        "@effect/io": "^0.35.2",
        "fast-check": "^3.11.0"
      }
    },
    "node_modules/@effect/stm": {
      "version": "0.19.0",
      "resolved": "https://registry.npmjs.org/@effect/stm/-/stm-0.19.0.tgz",
      "integrity": "sha512-mwyz0gU3AmX4IpO+/xF19PC3ZZ2nRkZW07ii19SXqzrPk7TkbMmrWoJiDe4Uki5ZMe7nIHIHhCiHmC+cXXJEIA==",
      "dependencies": {
        "@effect/data": "^0.16.0",
        "@effect/io": "^0.35.0"
      }
    },
    "node_modules/@effect/stream": {
      "version": "0.31.1",
      "resolved": "https://registry.npmjs.org/@effect/stream/-/stream-0.31.1.tgz",
      "integrity": "sha512-5dUoKiMuUlPS+nBEgSfHSlBUqyTzF6MAY+fG5pa3lbTpeUVS3g8f8yMMYXVvAxETOli/0XTSHlkeyqOovmTKBQ==",
      "dependencies": {
        "@effect/data": "^0.16.0",
        "@effect/io": "^0.35.1"
      }
    },
    "node_modules/@types/node": {
      "version": "20.4.5",
      "resolved": "https://registry.npmjs.org/@types/node/-/node-20.4.5.tgz",
      "integrity": "sha512-rt40Nk13II9JwQBdeYqmbn2Q6IVTA5uPhvSO+JVqdXw/6/4glI6oR9ezty/A9Hg5u7JH4OmYmuQ+XvjKm0Datg==",
      "dev": true
    },
    "node_modules/asynckit": {
      "version": "0.4.0",
      "resolved": "https://registry.npmjs.org/asynckit/-/asynckit-0.4.0.tgz",
      "integrity": "sha512-Oei9OH4tRh0YqU3GxhX79dM/mwVgvbZJaSNaRk+bshkj0S5cfHcgYakreBjrHwatXKbz+IoIdYLxrKim2MjW0Q=="
    },
    "node_modules/axios": {
      "version": "1.4.0",
      "resolved": "https://registry.npmjs.org/axios/-/axios-1.4.0.tgz",
      "integrity": "sha512-S4XCWMEmzvo64T9GfvQDOXgYRDJ/wsSZc7Jvdgx5u1sd0JwsuPLqb3SYmusag+edF6ziyMensPVqLTSc1PiSEA==",
      "dependencies": {
        "follow-redirects": "^1.15.0",
        "form-data": "^4.0.0",
        "proxy-from-env": "^1.1.0"
      }
    },
    "node_modules/combined-stream": {
      "version": "1.0.8",
      "resolved": "https://registry.npmjs.org/combined-stream/-/combined-stream-1.0.8.tgz",
      "integrity": "sha512-FQN4MRfuJeHf7cBbBMJFXhKSDq+2kAArBlmRBvcvFE5BB1HZKXtSFASDhdlz9zOYwxh8lDdnvmMOe/+5cdoEdg==",
      "dependencies": {
        "delayed-stream": "~1.0.0"
      },
      "engines": {
        "node": ">= 0.8"
      }
    },
    "node_modules/delayed-stream": {
      "version": "1.0.0",
      "resolved": "https://registry.npmjs.org/delayed-stream/-/delayed-stream-1.0.0.tgz",
      "integrity": "sha512-ZySD7Nf91aLB0RxL4KGrKHBXl7Eds1DAmEdcoVawXnLD7SDhpNgtuII2aAkg7a7QS41jxPSZ17p4VdGnMHk3MQ==",
      "engines": {
        "node": ">=0.4.0"
      }
    },
    "node_modules/effect": {
      "version": "2.0.0-next.21",
      "resolved": "https://registry.npmjs.org/effect/-/effect-2.0.0-next.21.tgz",
      "integrity": "sha512-uBkHMWb+8M8lPt53jp8zjUOovvZDRiPAyfuBAAd+prfzitdI8AA1KGkPuUrPUWG50bjWK8OVemDW11jxZV9b1g==",
      "dependencies": {
        "@effect/data": "^0.16.3",
        "@effect/io": "^0.35.3",
        "@effect/match": "^0.29.0",
        "@effect/stm": "^0.19.0",
        "@effect/stream": "^0.31.0"
      }
    },
    "node_modules/fast-check": {
      "version": "3.11.0",
      "resolved": "https://registry.npmjs.org/fast-check/-/fast-check-3.11.0.tgz",
      "integrity": "sha512-H2tctb7AGfFQfz+DEr3UWhJ3s47LXsGp5g3jeJr5tHjnf4xUvpArIqiwcDmL2EXiv+auLHIpF5MqaIpIKvpxiA==",
      "funding": [
        {
          "type": "individual",
          "url": "https://github.com/sponsors/dubzzz"
        },
        {
          "type": "opencollective",
          "url": "https://opencollective.com/fast-check"
        }
      ],
      "dependencies": {
        "pure-rand": "^6.0.0"
      },
      "engines": {
        "node": ">=8.0.0"
      }
    },
    "node_modules/follow-redirects": {
      "version": "1.15.2",
      "resolved": "https://registry.npmjs.org/follow-redirects/-/follow-redirects-1.15.2.tgz",
      "integrity": "sha512-VQLG33o04KaQ8uYi2tVNbdrWp1QWxNNea+nmIB4EVM28v0hmP17z7aG1+wAkNzVq4KeXTq3221ye5qTJP91JwA==",
      "funding": [
        {
          "type": "individual",
          "url": "https://github.com/sponsors/RubenVerborgh"
        }
      ],
      "engines": {
        "node": ">=4.0"
      },
      "peerDependenciesMeta": {
        "debug": {
          "optional": true
        }
      }
    },
    "node_modules/form-data": {
      "version": "4.0.0",
      "resolved": "https://registry.npmjs.org/form-data/-/form-data-4.0.0.tgz",
      "integrity": "sha512-ETEklSGi5t0QMZuiXoA/Q6vcnxcLQP5vdugSpuAyi6SVGi2clPPp+xgEhuMaHC+zGgn31Kd235W35f7Hykkaww==",
      "dependencies": {
        "asynckit": "^0.4.0",
        "combined-stream": "^1.0.8",
        "mime-types": "^2.1.12"
      },
      "engines": {
        "node": ">= 6"
      }
    },
    "node_modules/mime-db": {
      "version": "1.52.0",
      "resolved": "https://registry.npmjs.org/mime-db/-/mime-db-1.52.0.tgz",
      "integrity": "sha512-sPU4uV7dYlvtWJxwwxHD0PuihVNiE7TyAbQ5SWxDCB9mUYvOgroQOwYQQOKPJ8CIbE+1ETVlOoK1UC2nU3gYvg==",
      "engines": {
        "node": ">= 0.6"
      }
    },
    "node_modules/mime-types": {
      "version": "2.1.35",
      "resolved": "https://registry.npmjs.org/mime-types/-/mime-types-2.1.35.tgz",
      "integrity": "sha512-ZDY+bPm5zTTF+YpCrAU9nK0UgICYPT0QtT1NZWFv4s++TNkcgVaT0g6+4R2uI4MjQjzysHB1zxuWL50hzaeXiw==",
      "dependencies": {
        "mime-db": "1.52.0"
      },
      "engines": {
        "node": ">= 0.6"
      }
    },
    "node_modules/proxy-from-env": {
      "version": "1.1.0",
      "resolved": "https://registry.npmjs.org/proxy-from-env/-/proxy-from-env-1.1.0.tgz",
      "integrity": "sha512-D+zkORCbA9f1tdWRK0RaCR3GPv50cMxcrz4X8k5LTSUD1Dkw47mKJEZQNunItRTkWwgtaUSo1RVFRIG9ZXiFYg=="
    },
    "node_modules/pure-rand": {
      "version": "6.0.2",
      "resolved": "https://registry.npmjs.org/pure-rand/-/pure-rand-6.0.2.tgz",
      "integrity": "sha512-6Yg0ekpKICSjPswYOuC5sku/TSWaRYlA0qsXqJgM/d/4pLPHPuTxK7Nbf7jFKzAeedUhR8C7K9Uv63FBsSo8xQ==",
      "funding": [
        {
          "type": "individual",
          "url": "https://github.com/sponsors/dubzzz"
        },
        {
          "type": "opencollective",
          "url": "https://opencollective.com/fast-check"
        }
      ]
    },
    "node_modules/typescript": {
      "version": "5.1.6",
      "resolved": "https://registry.npmjs.org/typescript/-/typescript-5.1.6.tgz",
      "integrity": "sha512-zaWCozRZ6DLEWAWFrVDz1H6FVXzUSfTy5FUMWsQlU8Ym5JP9eO4xkTIROFCQvhQf61z6O/G6ugw3SgAnvvm+HA==",
      "dev": true,
      "bin": {
        "tsc": "bin/tsc",
        "tsserver": "bin/tsserver"
      },
      "engines": {
        "node": ">=14.17"
      }
    },
    "node_modules/zod": {
      "version": "3.21.4",
      "resolved": "https://registry.npmjs.org/zod/-/zod-3.21.4.tgz",
      "integrity": "sha512-m46AKbrzKVzOzs/DZgVnG5H55N1sv1M8qZU3A8RIKbs3mrACDNeIOeilDymVb2HdmP8uwshOCF4uJ8uM9rCqJw==",
      "funding": {
        "url": "https://github.com/sponsors/colinhacks"
      }
    }
  }
}
