lockfileVersion: 5.4

specifiers:
  '@types/lodash.unionby': ^4.8.7
  '@types/node': ^20.4.5
  axios: ^1.4.0
  dotenv: ^16.3.1
  effect: ^2.0.0-next.21
  lodash.unionby: ^4.8.0
  postgres: ^3.3.5
  ts-node: ^10.9.1
  typescript: ^5.1.6
  zod: ^3.21.4

dependencies:
  axios: 1.4.0
  dotenv: 16.3.1
  effect: 2.0.0-next.21
  lodash.unionby: 4.8.0
  postgres: 3.3.5
  zod: 3.21.4

devDependencies:
  '@types/lodash.unionby': 4.8.7
  '@types/node': 20.4.5
  ts-node: 10.9.1_bir6x3g64ycygfv3l4v3letmxi
  typescript: 5.1.6

packages:

  /@cspotcode/source-map-support/0.8.1:
    resolution: {integrity: sha512-IchNf6dN4tHoMFIn/7OE8LWZ19Y6q/67Bmf6vnGREv8RSbBVb9LPJxEcnwrcwX6ixSvaiGoomAUvu4YSxXrVgw==}
    engines: {node: '>=12'}
    dependencies:
      '@jridgewell/trace-mapping': 0.3.9
    dev: true

  /@effect/data/0.16.3:
    resolution: {integrity: sha512-RxRN3Vm8YPys0GjH/yjl2Z57kGCwJGjY6omgcDbeXhLVd+SUaVWbM6hJysKvb/gD9cuN1XwhXUnJ0shVErDelg==}
    dev: false

  /@effect/io/0.35.3:
    resolution: {integrity: sha512-f0K2XQJvQY0DP6GQC76NUZgFh2QxKIpZZzIELyI8796uJtLt4CRx3s+YsJF68htgUttKm9hxkfcbtcJAg2Rmcw==}
    dependencies:
      '@effect/data': 0.16.3
    dev: false

  /@effect/match/0.29.1:
    resolution: {integrity: sha512-ZstaS5ZLpX5RwLX8GuV9JeQuAKLCxFu+pU8iirVFYftc+8wUxcPUiGI1ryNupKW62m4IlcNrTz05JvtemNy82A==}
    dependencies:
      '@effect/data': 0.16.3
      '@effect/schema': 0.30.4
    dev: false

  /@effect/schema/0.30.4:
    resolution: {integrity: sha512-4MQkp4mStbJ2f5tRXc0cquCp1KgnmqgstGAjJAteed2dz84yoQ4kBD4gy7OCO8E1uChoqMbvB1ezxPrJ9EPEOw==}
    dependencies:
      '@effect/data': 0.16.3
      '@effect/io': 0.35.3
      fast-check: 3.11.0
    dev: false

  /@effect/stm/0.19.0:
    resolution: {integrity: sha512-mwyz0gU3AmX4IpO+/xF19PC3ZZ2nRkZW07ii19SXqzrPk7TkbMmrWoJiDe4Uki5ZMe7nIHIHhCiHmC+cXXJEIA==}
    dependencies:
      '@effect/data': 0.16.3
      '@effect/io': 0.35.3
    dev: false

  /@effect/stream/0.31.1:
    resolution: {integrity: sha512-5dUoKiMuUlPS+nBEgSfHSlBUqyTzF6MAY+fG5pa3lbTpeUVS3g8f8yMMYXVvAxETOli/0XTSHlkeyqOovmTKBQ==}
    dependencies:
      '@effect/data': 0.16.3
      '@effect/io': 0.35.3
    dev: false

  /@jridgewell/resolve-uri/3.1.1:
    resolution: {integrity: sha512-dSYZh7HhCDtCKm4QakX0xFpsRDqjjtZf/kjI/v3T3Nwt5r8/qz/M19F9ySyOqU94SXBmeG9ttTul+YnR4LOxFA==}
    engines: {node: '>=6.0.0'}
    dev: true

  /@jridgewell/sourcemap-codec/1.4.15:
    resolution: {integrity: sha512-eF2rxCRulEKXHTRiDrDy6erMYWqNw4LPdQ8UQA4huuxaQsVeRPFl2oM8oDGxMFhJUWZf9McpLtJasDDZb/Bpeg==}
    dev: true

  /@jridgewell/trace-mapping/0.3.9:
    resolution: {integrity: sha512-3Belt6tdc8bPgAtbcmdtNJlirVoTmEb5e2gC94PnkwEW9jI6CAHUeoG85tjWP5WquqfavoMtMwiG4P926ZKKuQ==}
    dependencies:
      '@jridgewell/resolve-uri': 3.1.1
      '@jridgewell/sourcemap-codec': 1.4.15
    dev: true

  /@tsconfig/node10/1.0.9:
    resolution: {integrity: sha512-jNsYVVxU8v5g43Erja32laIDHXeoNvFEpX33OK4d6hljo3jDhCBDhx5dhCCTMWUojscpAagGiRkBKxpdl9fxqA==}
    dev: true

  /@tsconfig/node12/1.0.11:
    resolution: {integrity: sha512-cqefuRsh12pWyGsIoBKJA9luFu3mRxCA+ORZvA4ktLSzIuCUtWVxGIuXigEwO5/ywWFMZ2QEGKWvkZG1zDMTag==}
    dev: true

  /@tsconfig/node14/1.0.3:
    resolution: {integrity: sha512-ysT8mhdixWK6Hw3i1V2AeRqZ5WfXg1G43mqoYlM2nc6388Fq5jcXyr5mRsqViLx/GJYdoL0bfXD8nmF+Zn/Iow==}
    dev: true

  /@tsconfig/node16/1.0.4:
    resolution: {integrity: sha512-vxhUy4J8lyeyinH7Azl1pdd43GJhZH/tP2weN8TntQblOY+A0XbT8DJk1/oCPuOOyg/Ja757rG0CgHcWC8OfMA==}
    dev: true

  /@types/lodash.unionby/4.8.7:
    resolution: {integrity: sha512-Hf8IGRLQlcsxo1JpFWSoefjedUVM1Kp6W7RAk2WKitYj4dt/oHfOXi9wkLPAlIzjvTH3oPJizcey2SLSBW4TwQ==}
    dependencies:
      '@types/lodash': 4.14.196
    dev: true

  /@types/lodash/4.14.196:
    resolution: {integrity: sha512-22y3o88f4a94mKljsZcanlNWPzO0uBsBdzLAngf2tp533LzZcQzb6+eZPJ+vCTt+bqF2XnvT9gejTLsAcJAJyQ==}
    dev: true

  /@types/node/20.4.5:
    resolution: {integrity: sha512-rt40Nk13II9JwQBdeYqmbn2Q6IVTA5uPhvSO+JVqdXw/6/4glI6oR9ezty/A9Hg5u7JH4OmYmuQ+XvjKm0Datg==}
    dev: true

  /acorn-walk/8.2.0:
    resolution: {integrity: sha512-k+iyHEuPgSw6SbuDpGQM+06HQUa04DZ3o+F6CSzXMvvI5KMvnaEqXe+YVe555R9nn6GPt404fos4wcgpw12SDA==}
    engines: {node: '>=0.4.0'}
    dev: true

  /acorn/8.10.0:
    resolution: {integrity: sha512-F0SAmZ8iUtS//m8DmCTA0jlh6TDKkHQyK6xc6V4KDTyZKA9dnvX9/3sRTVQrWm79glUAZbnmmNcdYwUIHWVybw==}
    engines: {node: '>=0.4.0'}
    hasBin: true
    dev: true

  /arg/4.1.3:
    resolution: {integrity: sha512-58S9QDqG0Xx27YwPSt9fJxivjYl432YCwfDMfZ+71RAqUrZef7LrKQZ3LHLOwCS4FLNBplP533Zx895SeOCHvA==}
    dev: true

  /asynckit/0.4.0:
    resolution: {integrity: sha512-Oei9OH4tRh0YqU3GxhX79dM/mwVgvbZJaSNaRk+bshkj0S5cfHcgYakreBjrHwatXKbz+IoIdYLxrKim2MjW0Q==}
    dev: false

  /axios/1.4.0:
    resolution: {integrity: sha512-S4XCWMEmzvo64T9GfvQDOXgYRDJ/wsSZc7Jvdgx5u1sd0JwsuPLqb3SYmusag+edF6ziyMensPVqLTSc1PiSEA==}
    dependencies:
      follow-redirects: 1.15.2
      form-data: 4.0.0
      proxy-from-env: 1.1.0
    transitivePeerDependencies:
      - debug
    dev: false

  /combined-stream/1.0.8:
    resolution: {integrity: sha512-FQN4MRfuJeHf7cBbBMJFXhKSDq+2kAArBlmRBvcvFE5BB1HZKXtSFASDhdlz9zOYwxh8lDdnvmMOe/+5cdoEdg==}
    engines: {node: '>= 0.8'}
    dependencies:
      delayed-stream: 1.0.0
    dev: false

  /create-require/1.1.1:
    resolution: {integrity: sha512-dcKFX3jn0MpIaXjisoRvexIJVEKzaq7z2rZKxf+MSr9TkdmHmsU4m2lcLojrj/FHl8mk5VxMmYA+ftRkP/3oKQ==}
    dev: true

  /delayed-stream/1.0.0:
    resolution: {integrity: sha512-ZySD7Nf91aLB0RxL4KGrKHBXl7Eds1DAmEdcoVawXnLD7SDhpNgtuII2aAkg7a7QS41jxPSZ17p4VdGnMHk3MQ==}
    engines: {node: '>=0.4.0'}
    dev: false

  /diff/4.0.2:
    resolution: {integrity: sha512-58lmxKSA4BNyLz+HHMUzlOEpg09FV+ev6ZMe3vJihgdxzgcwZ8VoEEPmALCZG9LmqfVoNMMKpttIYTVG6uDY7A==}
    engines: {node: '>=0.3.1'}
    dev: true

  /dotenv/16.3.1:
    resolution: {integrity: sha512-IPzF4w4/Rd94bA9imS68tZBaYyBWSCE47V1RGuMrB94iyTOIEwRmVL2x/4An+6mETpLrKJ5hQkB8W4kFAadeIQ==}
    engines: {node: '>=12'}
    dev: false

  /effect/2.0.0-next.21:
    resolution: {integrity: sha512-uBkHMWb+8M8lPt53jp8zjUOovvZDRiPAyfuBAAd+prfzitdI8AA1KGkPuUrPUWG50bjWK8OVemDW11jxZV9b1g==}
    dependencies:
      '@effect/data': 0.16.3
      '@effect/io': 0.35.3
      '@effect/match': 0.29.1
      '@effect/stm': 0.19.0
      '@effect/stream': 0.31.1
    dev: false

  /fast-check/3.11.0:
    resolution: {integrity: sha512-H2tctb7AGfFQfz+DEr3UWhJ3s47LXsGp5g3jeJr5tHjnf4xUvpArIqiwcDmL2EXiv+auLHIpF5MqaIpIKvpxiA==}
    engines: {node: '>=8.0.0'}
    dependencies:
      pure-rand: 6.0.2
    dev: false

  /follow-redirects/1.15.2:
    resolution: {integrity: sha512-VQLG33o04KaQ8uYi2tVNbdrWp1QWxNNea+nmIB4EVM28v0hmP17z7aG1+wAkNzVq4KeXTq3221ye5qTJP91JwA==}
    engines: {node: '>=4.0'}
    peerDependencies:
      debug: '*'
    peerDependenciesMeta:
      debug:
        optional: true
    dev: false

  /form-data/4.0.0:
    resolution: {integrity: sha512-ETEklSGi5t0QMZuiXoA/Q6vcnxcLQP5vdugSpuAyi6SVGi2clPPp+xgEhuMaHC+zGgn31Kd235W35f7Hykkaww==}
    engines: {node: '>= 6'}
    dependencies:
      asynckit: 0.4.0
      combined-stream: 1.0.8
      mime-types: 2.1.35
    dev: false

  /lodash.unionby/4.8.0:
    resolution: {integrity: sha512-e60kn4GJIunNkw6v9MxRnUuLYI/Tyuanch7ozoCtk/1irJTYBj+qNTxr5B3qVflmJhwStJBv387Cb+9VOfABMg==}
    dev: false

  /make-error/1.3.6:
    resolution: {integrity: sha512-s8UhlNe7vPKomQhC1qFelMokr/Sc3AgNbso3n74mVPA5LTZwkB9NlXf4XPamLxJE8h0gh73rM94xvwRT2CVInw==}
    dev: true

  /mime-db/1.52.0:
    resolution: {integrity: sha512-sPU4uV7dYlvtWJxwwxHD0PuihVNiE7TyAbQ5SWxDCB9mUYvOgroQOwYQQOKPJ8CIbE+1ETVlOoK1UC2nU3gYvg==}
    engines: {node: '>= 0.6'}
    dev: false

  /mime-types/2.1.35:
    resolution: {integrity: sha512-ZDY+bPm5zTTF+YpCrAU9nK0UgICYPT0QtT1NZWFv4s++TNkcgVaT0g6+4R2uI4MjQjzysHB1zxuWL50hzaeXiw==}
    engines: {node: '>= 0.6'}
    dependencies:
      mime-db: 1.52.0
    dev: false

  /postgres/3.3.5:
    resolution: {integrity: sha512-+JD93VELV9gHkqpV5gdL5/70HdGtEw4/XE1S4BC8f1mcPmdib3K5XsKVbnR1XcAyC41zOnifJ+9YRKxdIsXiUw==}
    dev: false

  /proxy-from-env/1.1.0:
    resolution: {integrity: sha512-D+zkORCbA9f1tdWRK0RaCR3GPv50cMxcrz4X8k5LTSUD1Dkw47mKJEZQNunItRTkWwgtaUSo1RVFRIG9ZXiFYg==}
    dev: false

  /pure-rand/6.0.2:
    resolution: {integrity: sha512-6Yg0ekpKICSjPswYOuC5sku/TSWaRYlA0qsXqJgM/d/4pLPHPuTxK7Nbf7jFKzAeedUhR8C7K9Uv63FBsSo8xQ==}
    dev: false

  /ts-node/10.9.1_bir6x3g64ycygfv3l4v3letmxi:
    resolution: {integrity: sha512-NtVysVPkxxrwFGUUxGYhfux8k78pQB3JqYBXlLRZgdGUqTO5wU/UyHop5p70iEbGhB7q5KmiZiU0Y3KlJrScEw==}
    hasBin: true
    peerDependencies:
      '@swc/core': '>=1.2.50'
      '@swc/wasm': '>=1.2.50'
      '@types/node': '*'
      typescript: '>=2.7'
    peerDependenciesMeta:
      '@swc/core':
        optional: true
      '@swc/wasm':
        optional: true
    dependencies:
      '@cspotcode/source-map-support': 0.8.1
      '@tsconfig/node10': 1.0.9
      '@tsconfig/node12': 1.0.11
      '@tsconfig/node14': 1.0.3
      '@tsconfig/node16': 1.0.4
      '@types/node': 20.4.5
      acorn: 8.10.0
      acorn-walk: 8.2.0
      arg: 4.1.3
      create-require: 1.1.1
      diff: 4.0.2
      make-error: 1.3.6
      typescript: 5.1.6
      v8-compile-cache-lib: 3.0.1
      yn: 3.1.1
    dev: true

  /typescript/5.1.6:
    resolution: {integrity: sha512-zaWCozRZ6DLEWAWFrVDz1H6FVXzUSfTy5FUMWsQlU8Ym5JP9eO4xkTIROFCQvhQf61z6O/G6ugw3SgAnvvm+HA==}
    engines: {node: '>=14.17'}
    hasBin: true
    dev: true

  /v8-compile-cache-lib/3.0.1:
    resolution: {integrity: sha512-wa7YjyUGfNZngI/vtK0UHAN+lgDCxBPCylVXGp0zu59Fz5aiGtNXaq3DhIov063MorB+VfufLh3JlF2KdTK3xg==}
    dev: true

  /yn/3.1.1:
    resolution: {integrity: sha512-Ux4ygGWsu2c7isFWe8Yu1YluJmqVhxqK2cLXNQA5AcC3QfbGNpM7fu0Y8b/z16pXLnFxZYvWhd3fhBY9DLmC6Q==}
    engines: {node: '>=6'}
    dev: true

  /zod/3.21.4:
    resolution: {integrity: sha512-m46AKbrzKVzOzs/DZgVnG5H55N1sv1M8qZU3A8RIKbs3mrACDNeIOeilDymVb2HdmP8uwshOCF4uJ8uM9rCqJw==}
    dev: false
